
Microsoft Visual Studio Solution File, Format Version 12.00
# Visual Studio Version 16
VisualStudioVersion = 16.0.30621.155
MinimumVisualStudioVersion = 10.0.40219.1
Project("{FAE04EC0-301F-11D3-BF4B-00C04F79EFBC}") = "ParkingLotApi", "ParkingLotApi.csproj", "{91ACFDAE-BB5A-4A23-8873-2F3DA0137070}"
EndProject
Global
	GlobalSection(SolutionConfigurationPlatforms) = preSolution
		Debug|Any CPU = Debug|Any CPU
		Release|Any CPU = Release|Any CPU
	EndGlobalSection
	GlobalSection(ProjectConfigurationPlatforms) = postSolution
		{91ACFDAE-BB5A-4A23-8873-2F3DA0137070}.Debug|Any CPU.ActiveCfg = Debug|Any CPU
		{91ACFDAE-BB5A-4A23-8873-2F3DA0137070}.Debug|Any CPU.Build.0 = Debug|Any CPU
		{91ACFDAE-BB5A-4A23-8873-2F3DA0137070}.Release|Any CPU.ActiveCfg = Release|Any CPU
		{91ACFDAE-BB5A-4A23-8873-2F3DA0137070}.Release|Any CPU.Build.0 = Release|Any CPU
	EndGlobalSection
	GlobalSection(SolutionProperties) = preSolution
		HideSolutionNode = FALSE
	EndGlobalSection
	GlobalSection(ExtensibilityGlobals) = postSolution
		SolutionGuid = {1D37234C-D638-4789-92F2-2A813B901E3A}
	EndGlobalSection
EndGlobal
